Microsoft Visual Studio Solution File, Format Version 12.00
# Visual Studio 15
VisualStudioVersion = 15.0.27009.1
MinimumVisualStudioVersion = 15.0.26124.0
Project("{2150E333-8FDC-42A3-9474-1A3956D46DE8}") = "src", "src", "{A50B197A-7D38-4D3C-83A5-B91A83DB5CAC}"
EndProject
Project("{9A19103F-16F7-4668-BE54-9A1E7A4F7556}") = "codetimer", "src\codetimer\codetimer.csproj", "{164F9A5A-D996-4FB2-8A65-F9B264839386}"
EndProject
Project("{2150E333-8FDC-42A3-9474-1A3956D46DE8}") = "test", "test", "{72B88CD0-66C9-43E3-BE03-8D66C6FCA5A4}"
EndProject
Project("{9A19103F-16F7-4668-BE54-9A1E7A4F7556}") = "codetimer.tests", "test\codetimer.tests\codetimer.tests.csproj", "{72AE8ABA-45AC-4E2F-88EA-5F3ACB0BEAA2}"
EndProject
Project("{2150E333-8FDC-42A3-9474-1A3956D46DE8}") = "Solution Items", "Solution Items", "{D73EC1EF-57CB-4DB9-9A59-75AFAEA2E3CA}"
	ProjectSection(SolutionItems) = preProject
		.gitignore = .gitignore
		appveyor.yml = appveyor.yml
		code-timer.nuspec = code-timer.nuspec
		README.md = README.md
	EndProjectSection
EndProject
Global
	GlobalSection(SolutionConfigurationPlatforms) = preSolution
		Debug|Any CPU = Debug|Any CPU
		Debug|x64 = Debug|x64
		Debug|x86 = Debug|x86
		Release|Any CPU = Release|Any CPU
		Release|x64 = Release|x64
		Release|x86 = Release|x86
	EndGlobalSection
	GlobalSection(ProjectConfigurationPlatforms) = postSolution
		{164F9A5A-D996-4FB2-8A65-F9B264839386}.Debug|Any CPU.ActiveCfg = Debug|Any CPU
		{164F9A5A-D996-4FB2-8A65-F9B264839386}.Debug|Any CPU.Build.0 = Debug|Any CPU
		{164F9A5A-D996-4FB2-8A65-F9B264839386}.Debug|x64.ActiveCfg = Debug|Any CPU
		{164F9A5A-D996-4FB2-8A65-F9B264839386}.Debug|x64.Build.0 = Debug|Any CPU
		{164F9A5A-D996-4FB2-8A65-F9B264839386}.Debug|x86.ActiveCfg = Debug|Any CPU
		{164F9A5A-D996-4FB2-8A65-F9B264839386}.Debug|x86.Build.0 = Debug|Any CPU
		{164F9A5A-D996-4FB2-8A65-F9B264839386}.Release|Any CPU.ActiveCfg = Release|Any CPU
		{164F9A5A-D996-4FB2-8A65-F9B264839386}.Release|Any CPU.Build.0 = Release|Any CPU
		{164F9A5A-D996-4FB2-8A65-F9B264839386}.Release|x64.ActiveCfg = Release|Any CPU
		{164F9A5A-D996-4FB2-8A65-F9B264839386}.Release|x64.Build.0 = Release|Any CPU
		{164F9A5A-D996-4FB2-8A65-F9B264839386}.Release|x86.ActiveCfg = Release|Any CPU
		{164F9A5A-D996-4FB2-8A65-F9B264839386}.Release|x86.Build.0 = Release|Any CPU
		{72AE8ABA-45AC-4E2F-88EA-5F3ACB0BEAA2}.Debug|Any CPU.ActiveCfg = Debug|Any CPU
		{72AE8ABA-45AC-4E2F-88EA-5F3ACB0BEAA2}.Debug|Any CPU.Build.0 = Debug|Any CPU
		{72AE8ABA-45AC-4E2F-88EA-5F3ACB0BEAA2}.Debug|x64.ActiveCfg = Debug|Any CPU
		{72AE8ABA-45AC-4E2F-88EA-5F3ACB0BEAA2}.Debug|x64.Build.0 = Debug|Any CPU
		{72AE8ABA-45AC-4E2F-88EA-5F3ACB0BEAA2}.Debug|x86.ActiveCfg = Debug|Any CPU
		{72AE8ABA-45AC-4E2F-88EA-5F3ACB0BEAA2}.Debug|x86.Build.0 = Debug|Any CPU
		{72AE8ABA-45AC-4E2F-88EA-5F3ACB0BEAA2}.Release|Any CPU.ActiveCfg = Release|Any CPU
		{72AE8ABA-45AC-4E2F-88EA-5F3ACB0BEAA2}.Release|Any CPU.Build.0 = Release|Any CPU
		{72AE8ABA-45AC-4E2F-88EA-5F3ACB0BEAA2}.Release|x64.ActiveCfg = Release|Any CPU
		{72AE8ABA-45AC-4E2F-88EA-5F3ACB0BEAA2}.Release|x64.Build.0 = Release|Any CPU
		{72AE8ABA-45AC-4E2F-88EA-5F3ACB0BEAA2}.Release|x86.ActiveCfg = Release|Any CPU
		{72AE8ABA-45AC-4E2F-88EA-5F3ACB0BEAA2}.Release|x86.Build.0 = Release|Any CPU
	EndGlobalSection
	GlobalSection(SolutionProperties) = preSolution
		HideSolutionNode = FALSE
	EndGlobalSection
	GlobalSection(NestedProjects) = preSolution
		{164F9A5A-D996-4FB2-8A65-F9B264839386} = {A50B197A-7D38-4D3C-83A5-B91A83DB5CAC}
		{72AE8ABA-45AC-4E2F-88EA-5F3ACB0BEAA2} = {72B88CD0-66C9-43E3-BE03-8D66C6FCA5A4}
	EndGlobalSection
	GlobalSection(ExtensibilityGlobals) = postSolution
		SolutionGuid = {83F1A532-935E-471E-B0E4-3BEEF09C4BBB}
	EndGlobalSection
EndGlobal
